
Microsoft Visual Studio Solution File, Format Version 12.00
# Visual Studio 15
VisualStudioVersion = 15.0.28307.1321
MinimumVisualStudioVersion = 10.0.40219.1
Project("{FAE04EC0-301F-11D3-BF4B-00C04F79EFBC}") = "InsureX.ModernAPI", "InsureX.ModernAPI\InsureX.ModernAPI.csproj", "{5474DAEC-AA2E-4F6D-B1E7-A0932C950BC0}"
EndProject
Global
	GlobalSection(SolutionConfigurationPlatforms) = preSolution
		Debug|Any CPU = Debug|Any CPU
		Debug|x64 = Debug|x64
		Debug|x86 = Debug|x86
		Release|Any CPU = Release|Any CPU
		Release|x64 = Release|x64
		Release|x86 = Release|x86
	EndGlobalSection
	GlobalSection(ProjectConfigurationPlatforms) = postSolution
		{5474DAEC-AA2E-4F6D-B1E7-A0932C950BC0}.Debug|Any CPU.ActiveCfg = Debug|Any CPU
		{5474DAEC-AA2E-4F6D-B1E7-A0932C950BC0}.Debug|Any CPU.Build.0 = Debug|Any CPU
		{5474DAEC-AA2E-4F6D-B1E7-A0932C950BC0}.Debug|x64.ActiveCfg = Debug|Any CPU
		{5474DAEC-AA2E-4F6D-B1E7-A0932C950BC0}.Debug|x64.Build.0 = Debug|Any CPU
		{5474DAEC-AA2E-4F6D-B1E7-A0932C950BC0}.Debug|x86.ActiveCfg = Debug|Any CPU
		{5474DAEC-AA2E-4F6D-B1E7-A0932C950BC0}.Debug|x86.Build.0 = Debug|Any CPU
		{5474DAEC-AA2E-4F6D-B1E7-A0932C950BC0}.Release|Any CPU.ActiveCfg = Release|Any CPU
		{5474DAEC-AA2E-4F6D-B1E7-A0932C950BC0}.Release|Any CPU.Build.0 = Release|Any CPU
		{5474DAEC-AA2E-4F6D-B1E7-A0932C950BC0}.Release|x64.ActiveCfg = Release|Any CPU
		{5474DAEC-AA2E-4F6D-B1E7-A0932C950BC0}.Release|x64.Build.0 = Release|Any CPU
		{5474DAEC-AA2E-4F6D-B1E7-A0932C950BC0}.Release|x86.ActiveCfg = Release|Any CPU
		{5474DAEC-AA2E-4F6D-B1E7-A0932C950BC0}.Release|x86.Build.0 = Release|Any CPU
	EndGlobalSection
	GlobalSection(SolutionProperties) = preSolution
		HideSolutionNode = FALSE
	EndGlobalSection
	GlobalSection(ExtensibilityGlobals) = postSolution
		SolutionGuid = {F9A3FFE5-F2F8-439E-ADD1-81F3D5FA279A}
	EndGlobalSection
EndGlobal
